
Microsoft Visual Studio Solution File, Format Version 12.00
# Visual Studio Version 17
VisualStudioVersion = 17.1.32228.430
MinimumVisualStudioVersion = 10.0.40219.1
Project("{FAE04EC0-301F-11D3-BF4B-00C04F79EFBC}") = "NewsSystem", "NewsSystem\NewsSystem.csproj", "{945BB2B3-03E7-4DCD-9F27-06F536698FE1}"
EndProject
Global
	GlobalSection(SolutionConfigurationPlatforms) = preSolution
		Debug|Any CPU = Debug|Any CPU
		Release|Any CPU = Release|Any CPU
	EndGlobalSection
	GlobalSection(ProjectConfigurationPlatforms) = postSolution
		{945BB2B3-03E7-4DCD-9F27-06F536698FE1}.Debug|Any CPU.ActiveCfg = Debug|Any CPU
		{945BB2B3-03E7-4DCD-9F27-06F536698FE1}.Debug|Any CPU.Build.0 = Debug|Any CPU
		{945BB2B3-03E7-4DCD-9F27-06F536698FE1}.Release|Any CPU.ActiveCfg = Release|Any CPU
		{945BB2B3-03E7-4DCD-9F27-06F536698FE1}.Release|Any CPU.Build.0 = Release|Any CPU
	EndGlobalSection
	GlobalSection(SolutionProperties) = preSolution
		HideSolutionNode = FALSE
	EndGlobalSection
	GlobalSection(ExtensibilityGlobals) = postSolution
		SolutionGuid = {82BD7F33-2FBA-4A4F-93D9-DA9F6A252D7E}
	EndGlobalSection
EndGlobal
